{
  "name": "biggo-api-js-client",
  "version": "1.0.0",
  "lockfileVersion": 3,
  "requires": true,
  "packages": {
    "": {
      "name": "biggo-api-js-client",
      "version": "1.0.0",
      "license": "MIT",
      "devDependencies": {
        "@types/node": "^18.13.0",
        "esbuild": "^0.17.8",
        "typescript": "^4.9.5"
      }
    },
    "node_modules/@esbuild/linux-x64": {
      "version": "0.17.8",
      "resolved": "https://registry.npmjs.org/@esbuild/linux-x64/-/linux-x64-0.17.8.tgz",
      "integrity": "sha512-mM/9S0SbAFDBc4OPoyP6SEOo5324LpUxdpeIUUSrSTOfhHU9hEfqRngmKgqILqwx/0DVJBzeNW7HmLEWp9vcOA==",
      "cpu": [
        "x64"
      ],
      "dev": true,
      "license": "MIT",
      "optional": true,
      "os": [
        "linux"
      ],
      "engines": {
        "node": ">=12"
      }
    },
    "node_modules/@types/node": {
      "version": "18.13.0",
      "resolved": "https://registry.npmjs.org/@types/node/-/node-18.13.0.tgz",
      "integrity": "sha512-gC3TazRzGoOnoKAhUx+Q0t8S9Tzs74z7m0ipwGpSqQrleP14hKxP4/JUeEQcD3W1/aIpnWl8pHowI7WokuZpXg==",
      "dev": true
    },
    "node_modules/esbuild": {
      "version": "0.17.8",
      "resolved": "https://registry.npmjs.org/esbuild/-/esbuild-0.17.8.tgz",
      "integrity": "sha512-g24ybC3fWhZddZK6R3uD2iF/RIPnRpwJAqLov6ouX3hMbY4+tKolP0VMF3zuIYCaXun+yHwS5IPQ91N2BT191g==",
      "dev": true,
      "hasInstallScript": true,
      "license": "MIT",
      "bin": {
        "esbuild": "bin/esbuild"
      },
      "engines": {
        "node": ">=12"
      },
      "optionalDependencies": {
        "@esbuild/android-arm": "0.17.8",
        "@esbuild/android-arm64": "0.17.8",
        "@esbuild/android-x64": "0.17.8",
        "@esbuild/darwin-arm64": "0.17.8",
        "@esbuild/darwin-x64": "0.17.8",
        "@esbuild/freebsd-arm64": "0.17.8",
        "@esbuild/freebsd-x64": "0.17.8",
        "@esbuild/linux-arm": "0.17.8",
        "@esbuild/linux-arm64": "0.17.8",
        "@esbuild/linux-ia32": "0.17.8",
        "@esbuild/linux-loong64": "0.17.8",
        "@esbuild/linux-mips64el": "0.17.8",
        "@esbuild/linux-ppc64": "0.17.8",
        "@esbuild/linux-riscv64": "0.17.8",
        "@esbuild/linux-s390x": "0.17.8",
        "@esbuild/linux-x64": "0.17.8",
        "@esbuild/netbsd-x64": "0.17.8",
        "@esbuild/openbsd-x64": "0.17.8",
        "@esbuild/sunos-x64": "0.17.8",
        "@esbuild/win32-arm64": "0.17.8",
        "@esbuild/win32-ia32": "0.17.8",
        "@esbuild/win32-x64": "0.17.8"
      }
    },
    "node_modules/typescript": {
      "version": "4.9.5",
      "resolved": "https://registry.npmjs.org/typescript/-/typescript-4.9.5.tgz",
      "integrity": "sha512-1FXk9E2Hm+QzZQ7z+McJiHL4NW1F2EzMu9Nq9i3zAaGqibafqYwCVU6WyWAuyQRRzOlxou8xZSyXLEN8oKj24g==",
      "dev": true,
      "license": "Apache-2.0",
      "bin": {
        "tsc": "bin/tsc",
        "tsserver": "bin/tsserver"
      },
      "engines": {
        "node": ">=4.2.0"
      }
    }
  }
}
